// !$*UTF8*$!
{
	archiveVersion = 1;
	classes = {
	};
	objectVersion = 46;
	objects = {

/* Begin PBXBuildFile section */
		4EA6F6331B39683900575E6B /* AppDelegate.swift in Sources */ = {isa = PBXBuildFile; fileRef = 4EA6F6321B39683900575E6B /* AppDelegate.swift */; };
		4EA6F6361B39683900575E6B /* ToDoApp.xcdatamodeld in Sources */ = {isa = PBXBuildFile; fileRef = 4EA6F6341B39683900575E6B /* ToDoApp.xcdatamodeld */; };
		4EA6F6381B39683900575E6B /* ViewController.swift in Sources */ = {isa = PBXBuildFile; fileRef = 4EA6F6371B39683900575E6B /* ViewController.swift */; };
		4EA6F63B1B39683900575E6B /* Main.storyboard in Resources */ = {isa = PBXBuildFile; fileRef = 4EA6F6391B39683900575E6B /* Main.storyboard */; };
		4EA6F63D1B39683900575E6B /* Images.xcassets in Resources */ = {isa = PBXBuildFile; fileRef = 4EA6F63C1B39683900575E6B /* Images.xcassets */; };
		4EA6F6401B39683900575E6B /* LaunchScreen.xib in Resources */ = {isa = PBXBuildFile; fileRef = 4EA6F63E1B39683900575E6B /* LaunchScreen.xib */; };
		4EA6F64C1B39683900575E6B /* ToDoAppTests.swift in Sources */ = {isa = PBXBuildFile; fileRef = 4EA6F64B1B39683900575E6B /* ToDoAppTests.swift */; };
		4EA6F6561B397A3D00575E6B /* TaskCreateViewController.swift in Sources */ = {isa = PBXBuildFile; fileRef = 4EA6F6551B397A3D00575E6B /* TaskCreateViewController.swift */; };
		4EA6F65A1B397F0500575E6B /* ToDo.swift in Sources */ = {isa = PBXBuildFile; fileRef = 4EA6F6591B397F0500575E6B /* ToDo.swift */; };
/* End PBXBuildFile section */

/* Begin PBXContainerItemProxy section */
		4EA6F6461B39683900575E6B /* PBXContainerItemProxy */ = {
			isa = PBXContainerItemProxy;
			containerPortal = 4EA6F6251B39683900575E6B /* Project object */;
			proxyType = 1;
			remoteGlobalIDString = 4EA6F62C1B39683900575E6B;
			remoteInfo = ToDoApp;
		};
/* End PBXContainerItemProxy section */

/* Begin PBXFileReference section */
		4EA6F62D1B39683900575E6B /* ToDoApp.app */ = {isa = PBXFileReference; explicitFileType = wrapper.application; includeInIndex = 0; path = ToDoApp.app; sourceTree = BUILT_PRODUCTS_DIR; };
		4EA6F6311B39683900575E6B /* Info.plist */ = {isa = PBXFileReference; lastKnownFileType = text.plist.xml; path = Info.plist; sourceTree = "<group>"; };
		4EA6F6321B39683900575E6B /* AppDelegate.swift */ = {isa = PBXFileReference; lastKnownFileType = sourcecode.swift; path = AppDelegate.swift; sourceTree = "<group>"; };
		4EA6F6351B39683900575E6B /* ToDoApp.xcdatamodel */ = {isa = PBXFileReference; lastKnownFileType = wrapper.xcdatamodel; path = ToDoApp.xcdatamodel; sourceTree = "<group>"; };
		4EA6F6371B39683900575E6B /* ViewController.swift */ = {isa = PBXFileReference; lastKnownFileType = sourcecode.swift; path = ViewController.swift; sourceTree = "<group>"; };
		4EA6F63A1B39683900575E6B /* Base */ = {isa = PBXFileReference; lastKnownFileType = file.storyboard; name = Base; path = Base.lproj/Main.storyboard; sourceTree = "<group>"; };
		4EA6F63C1B39683900575E6B /* Images.xcassets */ = {isa = PBXFileReference; lastKnownFileType = folder.assetcatalog; path = Images.xcassets; sourceTree = "<group>"; };
		4EA6F63F1B39683900575E6B /* Base */ = {isa = PBXFileReference; lastKnownFileType = file.xib; name = Base; path = Base.lproj/LaunchScreen.xib; sourceTree = "<group>"; };
		4EA6F6451B39683900575E6B /* ToDoAppTests.xctest */ = {isa = PBXFileReference; explicitFileType = wrapper.cfbundle; includeInIndex = 0; path = ToDoAppTests.xctest; sourceTree = BUILT_PRODUCTS_DIR; };
		4EA6F64A1B39683900575E6B /* Info.plist */ = {isa = PBXFileReference; lastKnownFileType = text.plist.xml; path = Info.plist; sourceTree = "<group>"; };
		4EA6F64B1B39683900575E6B /* ToDoAppTests.swift */ = {isa = PBXFileReference; lastKnownFileType = sourcecode.swift; path = ToDoAppTests.swift; sourceTree = "<group>"; };
		4EA6F6551B397A3D00575E6B /* TaskCreateViewController.swift */ = {isa = PBXFileReference; fileEncoding = 4; lastKnownFileType = sourcecode.swift; path = TaskCreateViewController.swift; sourceTree = "<group>"; };
		4EA6F6591B397F0500575E6B /* ToDo.swift */ = {isa = PBXFileReference; fileEncoding = 4; lastKnownFileType = sourcecode.swift; path = ToDo.swift; sourceTree = "<group>"; };
/* End PBXFileReference section */

/* Begin PBXFrameworksBuildPhase section */
		4EA6F62A1B39683900575E6B /* Frameworks */ = {
			isa = PBXFrameworksBuildPhase;
			buildActionMask = 2147483647;
			files = (
			);
			runOnlyForDeploymentPostprocessing = 0;
		};
		4EA6F6421B39683900575E6B /* Frameworks */ = {
			isa = PBXFrameworksBuildPhase;
			buildActionMask = 2147483647;
			files = (
			);
			runOnlyForDeploymentPostprocessing = 0;
		};
/* End PBXFrameworksBuildPhase section */

/* Begin PBXGroup section */
		4EA6F6241B39683900575E6B = {
			isa = PBXGroup;
			children = (
				4EA6F62F1B39683900575E6B /* ToDoApp */,
				4EA6F6481B39683900575E6B /* ToDoAppTests */,
				4EA6F62E1B39683900575E6B /* Products */,
			);
			sourceTree = "<group>";
		};
		4EA6F62E1B39683900575E6B /* Products */ = {
			isa = PBXGroup;
			children = (
				4EA6F62D1B39683900575E6B /* ToDoApp.app */,
				4EA6F6451B39683900575E6B /* ToDoAppTests.xctest */,
			);
			name = Products;
			sourceTree = "<group>";
		};
		4EA6F62F1B39683900575E6B /* ToDoApp */ = {
			isa = PBXGroup;
			children = (
				4EA6F6321B39683900575E6B /* AppDelegate.swift */,
				4EA6F6371B39683900575E6B /* ViewController.swift */,
				4EA6F6391B39683900575E6B /* Main.storyboard */,
				4EA6F6551B397A3D00575E6B /* TaskCreateViewController.swift */,
				4EA6F63C1B39683900575E6B /* Images.xcassets */,
				4EA6F63E1B39683900575E6B /* LaunchScreen.xib */,
				4EA6F6341B39683900575E6B /* ToDoApp.xcdatamodeld */,
				4EA6F6591B397F0500575E6B /* ToDo.swift */,
				4EA6F6301B39683900575E6B /* Supporting Files */,
			);
			path = ToDoApp;
			sourceTree = "<group>";
		};
		4EA6F6301B39683900575E6B /* Supporting Files */ = {
			isa = PBXGroup;
			children = (
				4EA6F6311B39683900575E6B /* Info.plist */,
			);
			name = "Supporting Files";
			sourceTree = "<group>";
		};
		4EA6F6481B39683900575E6B /* ToDoAppTests */ = {
			isa = PBXGroup;
			children = (
				4EA6F64B1B39683900575E6B /* ToDoAppTests.swift */,
				4EA6F6491B39683900575E6B /* Supporting Files */,
			);
			path = ToDoAppTests;
			sourceTree = "<group>";
		};
		4EA6F6491B39683900575E6B /* Supporting Files */ = {
			isa = PBXGroup;
			children = (
				4EA6F64A1B39683900575E6B /* Info.plist */,
			);
			name = "Supporting Files";
			sourceTree = "<group>";
		};
/* End PBXGroup section */

/* Begin PBXNativeTarget section */
		4EA6F62C1B39683900575E6B /* ToDoApp */ = {
			isa = PBXNativeTarget;
			buildConfigurationList = 4EA6F64F1B39683900575E6B /* Build configuration list for PBXNativeTarget "ToDoApp" */;
			buildPhases = (
				4EA6F6291B39683900575E6B /* Sources */,
				4EA6F62A1B39683900575E6B /* Frameworks */,
				4EA6F62B1B39683900575E6B /* Resources */,
			);
			buildRules = (
			);
			dependencies = (
			);
			name = ToDoApp;
			productName = ToDoApp;
			productReference = 4EA6F62D1B39683900575E6B /* ToDoApp.app */;
			productType = "com.apple.product-type.application";
		};
		4EA6F6441B39683900575E6B /* ToDoAppTests */ = {
			isa = PBXNativeTarget;
			buildConfigurationList = 4EA6F6521B39683900575E6B /* Build configuration list for PBXNativeTarget "ToDoAppTests" */;
			buildPhases = (
				4EA6F6411B39683900575E6B /* Sources */,
				4EA6F6421B39683900575E6B /* Frameworks */,
				4EA6F6431B39683900575E6B /* Resources */,
			);
			buildRules = (
			);
			dependencies = (
				4EA6F6471B39683900575E6B /* PBXTargetDependency */,
			);
			name = ToDoAppTests;
			productName = ToDoAppTests;
			productReference = 4EA6F6451B39683900575E6B /* ToDoAppTests.xctest */;
			productType = "com.apple.product-type.bundle.unit-test";
		};
/* End PBXNativeTarget section */

/* Begin PBXProject section */
		4EA6F6251B39683900575E6B /* Project object */ = {
			isa = PBXProject;
			attributes = {
				LastUpgradeCheck = 0630;
				ORGANIZATIONNAME = satsumasadaaki;
				TargetAttributes = {
					4EA6F62C1B39683900575E6B = {
						CreatedOnToolsVersion = 6.3.2;
					};
					4EA6F6441B39683900575E6B = {
						CreatedOnToolsVersion = 6.3.2;
						TestTargetID = 4EA6F62C1B39683900575E6B;
					};
				};
			};
			buildConfigurationList = 4EA6F6281B39683900575E6B /* Build configuration list for PBXProject "ToDoApp" */;
			compatibilityVersion = "Xcode 3.2";
			developmentRegion = English;
			hasScannedForEncodings = 0;
			knownRegions = (
				en,
				Base,
			);
			mainGroup = 4EA6F6241B39683900575E6B;
			productRefGroup = 4EA6F62E1B39683900575E6B /* Products */;
			projectDirPath = "";
			projectRoot = "";
			targets = (
				4EA6F62C1B39683900575E6B /* ToDoApp */,
				4EA6F6441B39683900575E6B /* ToDoAppTests */,
			);
		};
/* End PBXProject section */

/* Begin PBXResourcesBuildPhase section */
		4EA6F62B1B39683900575E6B /* Resources */ = {
			isa = PBXResourcesBuildPhase;
			buildActionMask = 2147483647;
			files = (
				4EA6F63B1B39683900575E6B /* Main.storyboard in Resources */,
				4EA6F6401B39683900575E6B /* LaunchScreen.xib in Resources */,
				4EA6F63D1B39683900575E6B /* Images.xcassets in Resources */,
			);
			runOnlyForDeploymentPostprocessing = 0;
		};
		4EA6F6431B39683900575E6B /* Resources */ = {
			isa = PBXResourcesBuildPhase;
			buildActionMask = 2147483647;
			files = (
			);
			runOnlyForDeploymentPostprocessing = 0;
		};
/* End PBXResourcesBuildPhase section */

/* Begin PBXSourcesBuildPhase section */
		4EA6F6291B39683900575E6B /* Sources */ = {
			isa = PBXSourcesBuildPhase;
			buildActionMask = 2147483647;
			files = (
				4EA6F6381B39683900575E6B /* ViewController.swift in Sources */,
				4EA6F65A1B397F0500575E6B /* ToDo.swift in Sources */,
				4EA6F6331B39683900575E6B /* AppDelegate.swift in Sources */,
				4EA6F6361B39683900575E6B /* ToDoApp.xcdatamodeld in Sources */,
				4EA6F6561B397A3D00575E6B /* TaskCreateViewController.swift in Sources */,
			);
			runOnlyForDeploymentPostprocessing = 0;
		};
		4EA6F6411B39683900575E6B /* Sources */ = {
			isa = PBXSourcesBuildPhase;
			buildActionMask = 2147483647;
			files = (
				4EA6F64C1B39683900575E6B /* ToDoAppTests.swift in Sources */,
			);
			runOnlyForDeploymentPostprocessing = 0;
		};
/* End PBXSourcesBuildPhase section */

/* Begin PBXTargetDependency section */
		4EA6F6471B39683900575E6B /* PBXTargetDependency */ = {
			isa = PBXTargetDependency;
			target = 4EA6F62C1B39683900575E6B /* ToDoApp */;
			targetProxy = 4EA6F6461B39683900575E6B /* PBXContainerItemProxy */;
		};
/* End PBXTargetDependency section */

/* Begin PBXVariantGroup section */
		4EA6F6391B39683900575E6B /* Main.storyboard */ = {
			isa = PBXVariantGroup;
			children = (
				4EA6F63A1B39683900575E6B /* Base */,
			);
			name = Main.storyboard;
			sourceTree = "<group>";
		};
		4EA6F63E1B39683900575E6B /* LaunchScreen.xib */ = {
			isa = PBXVariantGroup;
			children = (
				4EA6F63F1B39683900575E6B /* Base */,
			);
			name = LaunchScreen.xib;
			sourceTree = "<group>";
		};
/* End PBXVariantGroup section */

/* Begin XCBuildConfiguration section */
		4EA6F64D1B39683900575E6B /* Debug */ = {
			isa = XCBuildConfiguration;
			buildSettings = {
				ALWAYS_SEARCH_USER_PATHS = NO;
				CLANG_CXX_LANGUAGE_STANDARD = "gnu++0x";
				CLANG_CXX_LIBRARY = "libc++";
				CLANG_ENABLE_MODULES = YES;
				CLANG_ENABLE_OBJC_ARC = YES;
				CLANG_WARN_BOOL_CONVERSION = YES;
				CLANG_WARN_CONSTANT_CONVERSION = YES;
				CLANG_WARN_DIRECT_OBJC_ISA_USAGE = YES_ERROR;
				CLANG_WARN_EMPTY_BODY = YES;
				CLANG_WARN_ENUM_CONVERSION = YES;
				CLANG_WARN_INT_CONVERSION = YES;
				CLANG_WARN_OBJC_ROOT_CLASS = YES_ERROR;
				CLANG_WARN_UNREACHABLE_CODE = YES;
				CLANG_WARN__DUPLICATE_METHOD_MATCH = YES;
				"CODE_SIGN_IDENTITY[sdk=iphoneos*]" = "iPhone Developer";
				COPY_PHASE_STRIP = NO;
				DEBUG_INFORMATION_FORMAT = "dwarf-with-dsym";
				ENABLE_STRICT_OBJC_MSGSEND = YES;
				GCC_C_LANGUAGE_STANDARD = gnu99;
				GCC_DYNAMIC_NO_PIC = NO;
				GCC_NO_COMMON_BLOCKS = YES;
				GCC_OPTIMIZATION_LEVEL = 0;
				GCC_PREPROCESSOR_DEFINITIONS = (
					"DEBUG=1",
					"$(inherited)",
				);
				GCC_SYMBOLS_PRIVATE_EXTERN = NO;
				GCC_WARN_64_TO_32_BIT_CONVERSION = YES;
				GCC_WARN_ABOUT_RETURN_TYPE = YES_ERROR;
				GCC_WARN_UNDECLARED_SELECTOR = YES;
				GCC_WARN_UNINITIALIZED_AUTOS = YES_AGGRESSIVE;
				GCC_WARN_UNUSED_FUNCTION = YES;
				GCC_WARN_UNUSED_VARIABLE = YES;
				IPHONEOS_DEPLOYMENT_TARGET = 8.3;
				MTL_ENABLE_DEBUG_INFO = YES;
				ONLY_ACTIVE_ARCH = YES;
				SDKROOT = iphoneos;
				SWIFT_OPTIMIZATION_LEVEL = "-Onone";
			};
			name = Debug;
		};
		4EA6F64E1B39683900575E6B /* Release */ = {
			isa = XCBuildConfiguration;
			buildSettings = {
				ALWAYS_SEARCH_USER_PATHS = NO;
				CLANG_CXX_LANGUAGE_STANDARD = "gnu++0x";
				CLANG_CXX_LIBRARY = "libc++";
				CLANG_ENABLE_MODULES = YES;
				CLANG_ENABLE_OBJC_ARC = YES;
				CLANG_WARN_BOOL_CONVERSION = YES;
				CLANG_WARN_CONSTANT_CONVERSION = YES;
				CLANG_WARN_DIRECT_OBJC_ISA_USAGE = YES_ERROR;
				CLANG_WARN_EMPTY_BODY = YES;
				CLANG_WARN_ENUM_CONVERSION = YES;
				CLANG_WARN_INT_CONVERSION = YES;
				CLANG_WARN_OBJC_ROOT_CLASS = YES_ERROR;
				CLANG_WARN_UNREACHABLE_CODE = YES;
				CLANG_WARN__DUPLICATE_METHOD_MATCH = YES;
				"CODE_SIGN_IDENTITY[sdk=iphoneos*]" = "iPhone Developer";
				COPY_PHASE_STRIP = NO;
				DEBUG_INFORMATION_FORMAT = "dwarf-with-dsym";
				ENABLE_NS_ASSERTIONS = NO;
				ENABLE_STRICT_OBJC_MSGSEND = YES;
				GCC_C_LANGUAGE_STANDARD = gnu99;
				GCC_NO_COMMON_BLOCKS = YES;
				GCC_WARN_64_TO_32_BIT_CONVERSION = YES;
				GCC_WARN_ABOUT_RETURN_TYPE = YES_ERROR;
				GCC_WARN_UNDECLARED_SELECTOR = YES;
				GCC_WARN_UNINITIALIZED_AUTOS = YES_AGGRESSIVE;
				GCC_WARN_UNUSED_FUNCTION = YES;
				GCC_WARN_UNUSED_VARIABLE = YES;
				IPHONEOS_DEPLOYMENT_TARGET = 8.3;
				MTL_ENABLE_DEBUG_INFO = NO;
				SDKROOT = iphoneos;
				VALIDATE_PRODUCT = YES;
			};
			name = Release;
		};
		4EA6F6501B39683900575E6B /* Debug */ = {
			isa = XCBuildConfiguration;
			buildSettings = {
				ASSETCATALOG_COMPILER_APPICON_NAME = AppIcon;
				CODE_SIGN_IDENTITY = "iPhone Developer";
				INFOPLIST_FILE = ToDoApp/Info.plist;
				LD_RUNPATH_SEARCH_PATHS = "$(inherited) @executable_path/Frameworks";
				PRODUCT_NAME = "$(TARGET_NAME)";
			};
			name = Debug;
		};
		4EA6F6511B39683900575E6B /* Release */ = {
			isa = XCBuildConfiguration;
			buildSettings = {
				ASSETCATALOG_COMPILER_APPICON_NAME = AppIcon;
				CODE_SIGN_IDENTITY = "iPhone Developer";
				INFOPLIST_FILE = ToDoApp/Info.plist;
				LD_RUNPATH_SEARCH_PATHS = "$(inherited) @executable_path/Frameworks";
				PRODUCT_NAME = "$(TARGET_NAME)";
			};
			name = Release;
		};
		4EA6F6531B39683900575E6B /* Debug */ = {
			isa = XCBuildConfiguration;
			buildSettings = {
				BUNDLE_LOADER = "$(TEST_HOST)";
				FRAMEWORK_SEARCH_PATHS = (
					"$(SDKROOT)/Developer/Library/Frameworks",
					"$(inherited)",
				);
				GCC_PREPROCESSOR_DEFINITIONS = (
					"DEBUG=1",
					"$(inherited)",
				);
				INFOPLIST_FILE = ToDoAppTests/Info.plist;
				LD_RUNPATH_SEARCH_PATHS = "$(inherited) @executable_path/Frameworks @loader_path/Frameworks";
				PRODUCT_NAME = "$(TARGET_NAME)";
				TEST_HOST = "$(BUILT_PRODUCTS_DIR)/ToDoApp.app/ToDoApp";
			};
			name = Debug;
		};
		4EA6F6541B39683900575E6B /* Release */ = {
			isa = XCBuildConfiguration;
			buildSettings = {
				BUNDLE_LOADER = "$(TEST_HOST)";
				FRAMEWORK_SEARCH_PATHS = (
					"$(SDKROOT)/Developer/Library/Frameworks",
					"$(inherited)",
				);
				INFOPLIST_FILE = ToDoAppTests/Info.plist;
				LD_RUNPATH_SEARCH_PATHS = "$(inherited) @executable_path/Frameworks @loader_path/Frameworks";
				PRODUCT_NAME = "$(TARGET_NAME)";
				TEST_HOST = "$(BUILT_PRODUCTS_DIR)/ToDoApp.app/ToDoApp";
			};
			name = Release;
		};
/* End XCBuildConfiguration section */

/* Begin XCConfigurationList section */
		4EA6F6281B39683900575E6B /* Build configuration list for PBXProject "ToDoApp" */ = {
			isa = XCConfigurationList;
			buildConfigurations = (
				4EA6F64D1B39683900575E6B /* Debug */,
				4EA6F64E1B39683900575E6B /* Release */,
			);
			defaultConfigurationIsVisible = 0;
			defaultConfigurationName = Release;
		};
		4EA6F64F1B39683900575E6B /* Build configuration list for PBXNativeTarget "ToDoApp" */ = {
			isa = XCConfigurationList;
			buildConfigurations = (
				4EA6F6501B39683900575E6B /* Debug */,
				4EA6F6511B39683900575E6B /* Release */,
			);
			defaultConfigurationIsVisible = 0;
		};
		4EA6F6521B39683900575E6B /* Build configuration list for PBXNativeTarget "ToDoAppTests" */ = {
			isa = XCConfigurationList;
			buildConfigurations = (
				4EA6F6531B39683900575E6B /* Debug */,
				4EA6F6541B39683900575E6B /* Release */,
			);
			defaultConfigurationIsVisible = 0;
		};
/* End XCConfigurationList section */

/* Begin XCVersionGroup section */
		4EA6F6341B39683900575E6B /* ToDoApp.xcdatamodeld */ = {
			isa = XCVersionGroup;
			children = (
				4EA6F6351B39683900575E6B /* ToDoApp.xcdatamodel */,
			);
			currentVersion = 4EA6F6351B39683900575E6B /* ToDoApp.xcdatamodel */;
			path = ToDoApp.xcdatamodeld;
			sourceTree = "<group>";
			versionGroupType = wrapper.xcdatamodel;
		};
/* End XCVersionGroup section */
	};
	rootObject = 4EA6F6251B39683900575E6B /* Project object */;
}
